
Microsoft Visual Studio Solution File, Format Version 12.00
# Visual Studio 15
VisualStudioVersion = 15.0.33423.255
MinimumVisualStudioVersion = 10.0.40219.1
Project("{FAE04EC0-301F-11D3-BF4B-00C04F79EFBC}") = "YearMyProject", "ConsoleApp1\YearMyProject.csproj", "{5FB69180-7255-49AF-A965-4DEA283E0AAE}"
EndProject
Global
	GlobalSection(SolutionConfigurationPlatforms) = preSolution
		Debug|Any CPU = Debug|Any CPU
		Release|Any CPU = Release|Any CPU
	EndGlobalSection
	GlobalSection(ProjectConfigurationPlatforms) = postSolution
		{5FB69180-7255-49AF-A965-4DEA283E0AAE}.Debug|Any CPU.ActiveCfg = Debug|Any CPU
		{5FB69180-7255-49AF-A965-4DEA283E0AAE}.Debug|Any CPU.Build.0 = Debug|Any CPU
		{5FB69180-7255-49AF-A965-4DEA283E0AAE}.Release|Any CPU.ActiveCfg = Release|Any CPU
		{5FB69180-7255-49AF-A965-4DEA283E0AAE}.Release|Any CPU.Build.0 = Release|Any CPU
	EndGlobalSection
	GlobalSection(SolutionProperties) = preSolution
		HideSolutionNode = FALSE
	EndGlobalSection
	GlobalSection(ExtensibilityGlobals) = postSolution
		SolutionGuid = {C3D74D71-7351-4185-AEE1-0038C3882FC4}
	EndGlobalSection
EndGlobal
